// !$*UTF8*$!
{
	archiveVersion = 1;
	classes = {
	};
	objectVersion = 46;
	objects = {

/* Begin PBXBuildFile section */
		6B258DF01B2DADA2006FE47F /* AppDelegate.swift in Sources */ = {isa = PBXBuildFile; fileRef = 6B258DEF1B2DADA2006FE47F /* AppDelegate.swift */; };
		6B258DF21B2DADA2006FE47F /* ViewController.swift in Sources */ = {isa = PBXBuildFile; fileRef = 6B258DF11B2DADA2006FE47F /* ViewController.swift */; };
		6B258DF51B2DADA2006FE47F /* Main.storyboard in Resources */ = {isa = PBXBuildFile; fileRef = 6B258DF31B2DADA2006FE47F /* Main.storyboard */; };
		6B258DF71B2DADA2006FE47F /* Images.xcassets in Resources */ = {isa = PBXBuildFile; fileRef = 6B258DF61B2DADA2006FE47F /* Images.xcassets */; };
		6B258DFA1B2DADA2006FE47F /* LaunchScreen.xib in Resources */ = {isa = PBXBuildFile; fileRef = 6B258DF81B2DADA2006FE47F /* LaunchScreen.xib */; };
		6B258E061B2DADA2006FE47F /* warTests.swift in Sources */ = {isa = PBXBuildFile; fileRef = 6B258E051B2DADA2006FE47F /* warTests.swift */; };
/* End PBXBuildFile section */

/* Begin PBXContainerItemProxy section */
		6B258E001B2DADA2006FE47F /* PBXContainerItemProxy */ = {
			isa = PBXContainerItemProxy;
			containerPortal = 6B258DE21B2DADA2006FE47F /* Project object */;
			proxyType = 1;
			remoteGlobalIDString = 6B258DE91B2DADA2006FE47F;
			remoteInfo = war;
		};
/* End PBXContainerItemProxy section */

/* Begin PBXFileReference section */
		6B258DEA1B2DADA2006FE47F /* war.app */ = {isa = PBXFileReference; explicitFileType = wrapper.application; includeInIndex = 0; path = war.app; sourceTree = BUILT_PRODUCTS_DIR; };
		6B258DEE1B2DADA2006FE47F /* Info.plist */ = {isa = PBXFileReference; lastKnownFileType = text.plist.xml; path = Info.plist; sourceTree = "<group>"; };
		6B258DEF1B2DADA2006FE47F /* AppDelegate.swift */ = {isa = PBXFileReference; lastKnownFileType = sourcecode.swift; path = AppDelegate.swift; sourceTree = "<group>"; };
		6B258DF11B2DADA2006FE47F /* ViewController.swift */ = {isa = PBXFileReference; lastKnownFileType = sourcecode.swift; path = ViewController.swift; sourceTree = "<group>"; };
		6B258DF41B2DADA2006FE47F /* Base */ = {isa = PBXFileReference; lastKnownFileType = file.storyboard; name = Base; path = Base.lproj/Main.storyboard; sourceTree = "<group>"; };
		6B258DF61B2DADA2006FE47F /* Images.xcassets */ = {isa = PBXFileReference; lastKnownFileType = folder.assetcatalog; path = Images.xcassets; sourceTree = "<group>"; };
		6B258DF91B2DADA2006FE47F /* Base */ = {isa = PBXFileReference; lastKnownFileType = file.xib; name = Base; path = Base.lproj/LaunchScreen.xib; sourceTree = "<group>"; };
		6B258DFF1B2DADA2006FE47F /* warTests.xctest */ = {isa = PBXFileReference; explicitFileType = wrapper.cfbundle; includeInIndex = 0; path = warTests.xctest; sourceTree = BUILT_PRODUCTS_DIR; };
		6B258E041B2DADA2006FE47F /* Info.plist */ = {isa = PBXFileReference; lastKnownFileType = text.plist.xml; path = Info.plist; sourceTree = "<group>"; };
		6B258E051B2DADA2006FE47F /* warTests.swift */ = {isa = PBXFileReference; lastKnownFileType = sourcecode.swift; path = warTests.swift; sourceTree = "<group>"; };
/* End PBXFileReference section */

/* Begin PBXFrameworksBuildPhase section */
		6B258DE71B2DADA2006FE47F /* Frameworks */ = {
			isa = PBXFrameworksBuildPhase;
			buildActionMask = 2147483647;
			files = (
			);
			runOnlyForDeploymentPostprocessing = 0;
		};
		6B258DFC1B2DADA2006FE47F /* Frameworks */ = {
			isa = PBXFrameworksBuildPhase;
			buildActionMask = 2147483647;
			files = (
			);
			runOnlyForDeploymentPostprocessing = 0;
		};
/* End PBXFrameworksBuildPhase section */

/* Begin PBXGroup section */
		6B258DE11B2DADA2006FE47F = {
			isa = PBXGroup;
			children = (
				6B258DEC1B2DADA2006FE47F /* war */,
				6B258E021B2DADA2006FE47F /* warTests */,
				6B258DEB1B2DADA2006FE47F /* Products */,
			);
			sourceTree = "<group>";
		};
		6B258DEB1B2DADA2006FE47F /* Products */ = {
			isa = PBXGroup;
			children = (
				6B258DEA1B2DADA2006FE47F /* war.app */,
				6B258DFF1B2DADA2006FE47F /* warTests.xctest */,
			);
			name = Products;
			sourceTree = "<group>";
		};
		6B258DEC1B2DADA2006FE47F /* war */ = {
			isa = PBXGroup;
			children = (
				6B258DEF1B2DADA2006FE47F /* AppDelegate.swift */,
				6B258DF11B2DADA2006FE47F /* ViewController.swift */,
				6B258DF31B2DADA2006FE47F /* Main.storyboard */,
				6B258DF61B2DADA2006FE47F /* Images.xcassets */,
				6B258DF81B2DADA2006FE47F /* LaunchScreen.xib */,
				6B258DED1B2DADA2006FE47F /* Supporting Files */,
			);
			path = war;
			sourceTree = "<group>";
		};
		6B258DED1B2DADA2006FE47F /* Supporting Files */ = {
			isa = PBXGroup;
			children = (
				6B258DEE1B2DADA2006FE47F /* Info.plist */,
			);
			name = "Supporting Files";
			sourceTree = "<group>";
		};
		6B258E021B2DADA2006FE47F /* warTests */ = {
			isa = PBXGroup;
			children = (
				6B258E051B2DADA2006FE47F /* warTests.swift */,
				6B258E031B2DADA2006FE47F /* Supporting Files */,
			);
			path = warTests;
			sourceTree = "<group>";
		};
		6B258E031B2DADA2006FE47F /* Supporting Files */ = {
			isa = PBXGroup;
			children = (
				6B258E041B2DADA2006FE47F /* Info.plist */,
			);
			name = "Supporting Files";
			sourceTree = "<group>";
		};
/* End PBXGroup section */

/* Begin PBXNativeTarget section */
		6B258DE91B2DADA2006FE47F /* war */ = {
			isa = PBXNativeTarget;
			buildConfigurationList = 6B258E091B2DADA2006FE47F /* Build configuration list for PBXNativeTarget "war" */;
			buildPhases = (
				6B258DE61B2DADA2006FE47F /* Sources */,
				6B258DE71B2DADA2006FE47F /* Frameworks */,
				6B258DE81B2DADA2006FE47F /* Resources */,
			);
			buildRules = (
			);
			dependencies = (
			);
			name = war;
			productName = war;
			productReference = 6B258DEA1B2DADA2006FE47F /* war.app */;
			productType = "com.apple.product-type.application";
		};
		6B258DFE1B2DADA2006FE47F /* warTests */ = {
			isa = PBXNativeTarget;
			buildConfigurationList = 6B258E0C1B2DADA2006FE47F /* Build configuration list for PBXNativeTarget "warTests" */;
			buildPhases = (
				6B258DFB1B2DADA2006FE47F /* Sources */,
				6B258DFC1B2DADA2006FE47F /* Frameworks */,
				6B258DFD1B2DADA2006FE47F /* Resources */,
			);
			buildRules = (
			);
			dependencies = (
				6B258E011B2DADA2006FE47F /* PBXTargetDependency */,
			);
			name = warTests;
			productName = warTests;
			productReference = 6B258DFF1B2DADA2006FE47F /* warTests.xctest */;
			productType = "com.apple.product-type.bundle.unit-test";
		};
/* End PBXNativeTarget section */

/* Begin PBXProject section */
		6B258DE21B2DADA2006FE47F /* Project object */ = {
			isa = PBXProject;
			attributes = {
				LastUpgradeCheck = 0630;
				ORGANIZATIONNAME = FlintOry;
				TargetAttributes = {
					6B258DE91B2DADA2006FE47F = {
						CreatedOnToolsVersion = 6.3.2;
					};
					6B258DFE1B2DADA2006FE47F = {
						CreatedOnToolsVersion = 6.3.2;
						TestTargetID = 6B258DE91B2DADA2006FE47F;
					};
				};
			};
			buildConfigurationList = 6B258DE51B2DADA2006FE47F /* Build configuration list for PBXProject "war" */;
			compatibilityVersion = "Xcode 3.2";
			developmentRegion = English;
			hasScannedForEncodings = 0;
			knownRegions = (
				en,
				Base,
			);
			mainGroup = 6B258DE11B2DADA2006FE47F;
			productRefGroup = 6B258DEB1B2DADA2006FE47F /* Products */;
			projectDirPath = "";
			projectRoot = "";
			targets = (
				6B258DE91B2DADA2006FE47F /* war */,
				6B258DFE1B2DADA2006FE47F /* warTests */,
			);
		};
/* End PBXProject section */

/* Begin PBXResourcesBuildPhase section */
		6B258DE81B2DADA2006FE47F /* Resources */ = {
			isa = PBXResourcesBuildPhase;
			buildActionMask = 2147483647;
			files = (
				6B258DF51B2DADA2006FE47F /* Main.storyboard in Resources */,
				6B258DFA1B2DADA2006FE47F /* LaunchScreen.xib in Resources */,
				6B258DF71B2DADA2006FE47F /* Images.xcassets in Resources */,
			);
			runOnlyForDeploymentPostprocessing = 0;
		};
		6B258DFD1B2DADA2006FE47F /* Resources */ = {
			isa = PBXResourcesBuildPhase;
			buildActionMask = 2147483647;
			files = (
			);
			runOnlyForDeploymentPostprocessing = 0;
		};
/* End PBXResourcesBuildPhase section */

/* Begin PBXSourcesBuildPhase section */
		6B258DE61B2DADA2006FE47F /* Sources */ = {
			isa = PBXSourcesBuildPhase;
			buildActionMask = 2147483647;
			files = (
				6B258DF21B2DADA2006FE47F /* ViewController.swift in Sources */,
				6B258DF01B2DADA2006FE47F /* AppDelegate.swift in Sources */,
			);
			runOnlyForDeploymentPostprocessing = 0;
		};
		6B258DFB1B2DADA2006FE47F /* Sources */ = {
			isa = PBXSourcesBuildPhase;
			buildActionMask = 2147483647;
			files = (
				6B258E061B2DADA2006FE47F /* warTests.swift in Sources */,
			);
			runOnlyForDeploymentPostprocessing = 0;
		};
/* End PBXSourcesBuildPhase section */

/* Begin PBXTargetDependency section */
		6B258E011B2DADA2006FE47F /* PBXTargetDependency */ = {
			isa = PBXTargetDependency;
			target = 6B258DE91B2DADA2006FE47F /* war */;
			targetProxy = 6B258E001B2DADA2006FE47F /* PBXContainerItemProxy */;
		};
/* End PBXTargetDependency section */

/* Begin PBXVariantGroup section */
		6B258DF31B2DADA2006FE47F /* Main.storyboard */ = {
			isa = PBXVariantGroup;
			children = (
				6B258DF41B2DADA2006FE47F /* Base */,
			);
			name = Main.storyboard;
			sourceTree = "<group>";
		};
		6B258DF81B2DADA2006FE47F /* LaunchScreen.xib */ = {
			isa = PBXVariantGroup;
			children = (
				6B258DF91B2DADA2006FE47F /* Base */,
			);
			name = LaunchScreen.xib;
			sourceTree = "<group>";
		};
/* End PBXVariantGroup section */

/* Begin XCBuildConfiguration section */
		6B258E071B2DADA2006FE47F /* Debug */ = {
			isa = XCBuildConfiguration;
			buildSettings = {
				ALWAYS_SEARCH_USER_PATHS = NO;
				CLANG_CXX_LANGUAGE_STANDARD = "gnu++0x";
				CLANG_CXX_LIBRARY = "libc++";
				CLANG_ENABLE_MODULES = YES;
				CLANG_ENABLE_OBJC_ARC = YES;
				CLANG_WARN_BOOL_CONVERSION = YES;
				CLANG_WARN_CONSTANT_CONVERSION = YES;
				CLANG_WARN_DIRECT_OBJC_ISA_USAGE = YES_ERROR;
				CLANG_WARN_EMPTY_BODY = YES;
				CLANG_WARN_ENUM_CONVERSION = YES;
				CLANG_WARN_INT_CONVERSION = YES;
				CLANG_WARN_OBJC_ROOT_CLASS = YES_ERROR;
				CLANG_WARN_UNREACHABLE_CODE = YES;
				CLANG_WARN__DUPLICATE_METHOD_MATCH = YES;
				"CODE_SIGN_IDENTITY[sdk=iphoneos*]" = "iPhone Developer";
				COPY_PHASE_STRIP = NO;
				DEBUG_INFORMATION_FORMAT = "dwarf-with-dsym";
				ENABLE_STRICT_OBJC_MSGSEND = YES;
				GCC_C_LANGUAGE_STANDARD = gnu99;
				GCC_DYNAMIC_NO_PIC = NO;
				GCC_NO_COMMON_BLOCKS = YES;
				GCC_OPTIMIZATION_LEVEL = 0;
				GCC_PREPROCESSOR_DEFINITIONS = (
					"DEBUG=1",
					"$(inherited)",
				);
				GCC_SYMBOLS_PRIVATE_EXTERN = NO;
				GCC_WARN_64_TO_32_BIT_CONVERSION = YES;
				GCC_WARN_ABOUT_RETURN_TYPE = YES_ERROR;
				GCC_WARN_UNDECLARED_SELECTOR = YES;
				GCC_WARN_UNINITIALIZED_AUTOS = YES_AGGRESSIVE;
				GCC_WARN_UNUSED_FUNCTION = YES;
				GCC_WARN_UNUSED_VARIABLE = YES;
				IPHONEOS_DEPLOYMENT_TARGET = 8.3;
				MTL_ENABLE_DEBUG_INFO = YES;
				ONLY_ACTIVE_ARCH = YES;
				SDKROOT = iphoneos;
				SWIFT_OPTIMIZATION_LEVEL = "-Onone";
			};
			name = Debug;
		};
		6B258E081B2DADA2006FE47F /* Release */ = {
			isa = XCBuildConfiguration;
			buildSettings = {
				ALWAYS_SEARCH_USER_PATHS = NO;
				CLANG_CXX_LANGUAGE_STANDARD = "gnu++0x";
				CLANG_CXX_LIBRARY = "libc++";
				CLANG_ENABLE_MODULES = YES;
				CLANG_ENABLE_OBJC_ARC = YES;
				CLANG_WARN_BOOL_CONVERSION = YES;
				CLANG_WARN_CONSTANT_CONVERSION = YES;
				CLANG_WARN_DIRECT_OBJC_ISA_USAGE = YES_ERROR;
				CLANG_WARN_EMPTY_BODY = YES;
				CLANG_WARN_ENUM_CONVERSION = YES;
				CLANG_WARN_INT_CONVERSION = YES;
				CLANG_WARN_OBJC_ROOT_CLASS = YES_ERROR;
				CLANG_WARN_UNREACHABLE_CODE = YES;
				CLANG_WARN__DUPLICATE_METHOD_MATCH = YES;
				"CODE_SIGN_IDENTITY[sdk=iphoneos*]" = "iPhone Developer";
				COPY_PHASE_STRIP = NO;
				DEBUG_INFORMATION_FORMAT = "dwarf-with-dsym";
				ENABLE_NS_ASSERTIONS = NO;
				ENABLE_STRICT_OBJC_MSGSEND = YES;
				GCC_C_LANGUAGE_STANDARD = gnu99;
				GCC_NO_COMMON_BLOCKS = YES;
				GCC_WARN_64_TO_32_BIT_CONVERSION = YES;
				GCC_WARN_ABOUT_RETURN_TYPE = YES_ERROR;
				GCC_WARN_UNDECLARED_SELECTOR = YES;
				GCC_WARN_UNINITIALIZED_AUTOS = YES_AGGRESSIVE;
				GCC_WARN_UNUSED_FUNCTION = YES;
				GCC_WARN_UNUSED_VARIABLE = YES;
				IPHONEOS_DEPLOYMENT_TARGET = 8.3;
				MTL_ENABLE_DEBUG_INFO = NO;
				SDKROOT = iphoneos;
				VALIDATE_PRODUCT = YES;
			};
			name = Release;
		};
		6B258E0A1B2DADA2006FE47F /* Debug */ = {
			isa = XCBuildConfiguration;
			buildSettings = {
				ASSETCATALOG_COMPILER_APPICON_NAME = AppIcon;
				INFOPLIST_FILE = war/Info.plist;
				LD_RUNPATH_SEARCH_PATHS = "$(inherited) @executable_path/Frameworks";
				PRODUCT_NAME = "$(TARGET_NAME)";
			};
			name = Debug;
		};
		6B258E0B1B2DADA2006FE47F /* Release */ = {
			isa = XCBuildConfiguration;
			buildSettings = {
				ASSETCATALOG_COMPILER_APPICON_NAME = AppIcon;
				INFOPLIST_FILE = war/Info.plist;
				LD_RUNPATH_SEARCH_PATHS = "$(inherited) @executable_path/Frameworks";
				PRODUCT_NAME = "$(TARGET_NAME)";
			};
			name = Release;
		};
		6B258E0D1B2DADA2006FE47F /* Debug */ = {
			isa = XCBuildConfiguration;
			buildSettings = {
				BUNDLE_LOADER = "$(TEST_HOST)";
				FRAMEWORK_SEARCH_PATHS = (
					"$(SDKROOT)/Developer/Library/Frameworks",
					"$(inherited)",
				);
				GCC_PREPROCESSOR_DEFINITIONS = (
					"DEBUG=1",
					"$(inherited)",
				);
				INFOPLIST_FILE = warTests/Info.plist;
				LD_RUNPATH_SEARCH_PATHS = "$(inherited) @executable_path/Frameworks @loader_path/Frameworks";
				PRODUCT_NAME = "$(TARGET_NAME)";
				TEST_HOST = "$(BUILT_PRODUCTS_DIR)/war.app/war";
			};
			name = Debug;
		};
		6B258E0E1B2DADA2006FE47F /* Release */ = {
			isa = XCBuildConfiguration;
			buildSettings = {
				BUNDLE_LOADER = "$(TEST_HOST)";
				FRAMEWORK_SEARCH_PATHS = (
					"$(SDKROOT)/Developer/Library/Frameworks",
					"$(inherited)",
				);
				INFOPLIST_FILE = warTests/Info.plist;
				LD_RUNPATH_SEARCH_PATHS = "$(inherited) @executable_path/Frameworks @loader_path/Frameworks";
				PRODUCT_NAME = "$(TARGET_NAME)";
				TEST_HOST = "$(BUILT_PRODUCTS_DIR)/war.app/war";
			};
			name = Release;
		};
/* End XCBuildConfiguration section */

/* Begin XCConfigurationList section */
		6B258DE51B2DADA2006FE47F /* Build configuration list for PBXProject "war" */ = {
			isa = XCConfigurationList;
			buildConfigurations = (
				6B258E071B2DADA2006FE47F /* Debug */,
				6B258E081B2DADA2006FE47F /* Release */,
			);
			defaultConfigurationIsVisible = 0;
			defaultConfigurationName = Release;
		};
		6B258E091B2DADA2006FE47F /* Build configuration list for PBXNativeTarget "war" */ = {
			isa = XCConfigurationList;
			buildConfigurations = (
				6B258E0A1B2DADA2006FE47F /* Debug */,
				6B258E0B1B2DADA2006FE47F /* Release */,
			);
			defaultConfigurationIsVisible = 0;
		};
		6B258E0C1B2DADA2006FE47F /* Build configuration list for PBXNativeTarget "warTests" */ = {
			isa = XCConfigurationList;
			buildConfigurations = (
				6B258E0D1B2DADA2006FE47F /* Debug */,
				6B258E0E1B2DADA2006FE47F /* Release */,
			);
			defaultConfigurationIsVisible = 0;
		};
/* End XCConfigurationList section */
	};
	rootObject = 6B258DE21B2DADA2006FE47F /* Project object */;
}
